
Microsoft Visual Studio Solution File, Format Version 12.00
# Visual Studio Version 17
VisualStudioVersion = 17.8.34511.84
MinimumVisualStudioVersion = 10.0.40219.1
Project("{FAE04EC0-301F-11D3-BF4B-00C04F79EFBC}") = "Infrastructure System Simulator", "Infrastructure System Simulator\Infrastructure System Simulator.csproj", "{D4B26D08-C765-484F-A885-CA123E2C4BC9}"
EndProject
Global
	GlobalSection(SolutionConfigurationPlatforms) = preSolution
		Debug|Any CPU = Debug|Any CPU
		Release|Any CPU = Release|Any CPU
	EndGlobalSection
	GlobalSection(ProjectConfigurationPlatforms) = postSolution
		{D4B26D08-C765-484F-A885-CA123E2C4BC9}.Debug|Any CPU.ActiveCfg = Debug|Any CPU
		{D4B26D08-C765-484F-A885-CA123E2C4BC9}.Debug|Any CPU.Build.0 = Debug|Any CPU
		{D4B26D08-C765-484F-A885-CA123E2C4BC9}.Release|Any CPU.ActiveCfg = Release|Any CPU
		{D4B26D08-C765-484F-A885-CA123E2C4BC9}.Release|Any CPU.Build.0 = Release|Any CPU
	EndGlobalSection
	GlobalSection(SolutionProperties) = preSolution
		HideSolutionNode = FALSE
	EndGlobalSection
	GlobalSection(ExtensibilityGlobals) = postSolution
		SolutionGuid = {9B5983EE-5563-4103-A5E7-61A6D6598606}
	EndGlobalSection
EndGlobal
